# THIS IS AN AUTOGENERATED FILE. DO NOT EDIT THIS FILE DIRECTLY.
# yarn lockfile v1


jquery@^3.1.1:
  version "3.6.0"
  resolved "https://registry.yarnpkg.com/jquery/-/jquery-3.6.0.tgz#c72a09f15c1bdce142f49dbf1170bdf8adac2470"
  integrity sha512-JVzAR/AjBvVt2BmYhxRCSYysDsPcssdmTFnzyLEts9qNwmjmu4JTAMYubEfwVOSwpQ1I1sKKFcxhZCI2buerfw==

tilt.js@^1.2.1:
  version "1.2.1"
  resolved "https://registry.yarnpkg.com/tilt.js/-/tilt.js-1.2.1.tgz#7d140ecb06744192815735e538b02739fe24d92f"
  integrity sha512-IGRh3FJbq6BRH2ETb2KxDWont2k740oR+0QMs39QVkjnr7QmA6L1VzSKsOLgFXg5QNtHyRKp7vzFoJCYxgzsJA==
  dependencies:
    jquery "^3.1.1"
